// !$*UTF8*$!
{
	archiveVersion = 1;
	classes = {
	};
	objectVersion = 52;
	objects = {

/* Begin PBXBuildFile section */
		0270032A25D6D22900112A72 /* CategoryJSONConvertor.swift in Sources */ = {isa = PBXBuildFile; fileRef = 0270032925D6D22900112A72 /* CategoryJSONConvertor.swift */; };
		0270032D25D6D44400112A72 /* ProductJSONConvertor.swift in Sources */ = {isa = PBXBuildFile; fileRef = 0270032C25D6D44400112A72 /* ProductJSONConvertor.swift */; };
		DB03B93B24F6940C002C4E35 /* CardNumberValidator.swift in Sources */ = {isa = PBXBuildFile; fileRef = DB03B93A24F6940C002C4E35 /* CardNumberValidator.swift */; };
		DB03B93E24F695AA002C4E35 /* ValidatorResult.swift in Sources */ = {isa = PBXBuildFile; fileRef = DB03B93D24F695AA002C4E35 /* ValidatorResult.swift */; };
		DB03B94124F695E7002C4E35 /* ValidatorError.swift in Sources */ = {isa = PBXBuildFile; fileRef = DB03B94024F695E7002C4E35 /* ValidatorError.swift */; };
		DB03B94324F69672002C4E35 /* CardExpiredValidator.swift in Sources */ = {isa = PBXBuildFile; fileRef = DB03B94224F69672002C4E35 /* CardExpiredValidator.swift */; };
		DB03B94524F697EF002C4E35 /* CardExpiredConvertor.swift in Sources */ = {isa = PBXBuildFile; fileRef = DB03B94424F697EF002C4E35 /* CardExpiredConvertor.swift */; };
		DB03B94924F69AEB002C4E35 /* CardCVVValidator.swift in Sources */ = {isa = PBXBuildFile; fileRef = DB03B94824F69AEB002C4E35 /* CardCVVValidator.swift */; };
		DB03B94D24F6B749002C4E35 /* CategoriesListItemView.swift in Sources */ = {isa = PBXBuildFile; fileRef = DB03B94C24F6B749002C4E35 /* CategoriesListItemView.swift */; };
		DB0ED8D324CD51B6000CFE8B /* Font+Extension.swift in Sources */ = {isa = PBXBuildFile; fileRef = DB0ED8D224CD51B6000CFE8B /* Font+Extension.swift */; };
		DB0ED8D924CD51E5000CFE8B /* FontFamilly.swift in Sources */ = {isa = PBXBuildFile; fileRef = DB0ED8D824CD51E5000CFE8B /* FontFamilly.swift */; };
		DB0ED8DB24CD51F4000CFE8B /* FontWeight.swift in Sources */ = {isa = PBXBuildFile; fileRef = DB0ED8DA24CD51F4000CFE8B /* FontWeight.swift */; };
		DB0ED8DE24CD5807000CFE8B /* Appearance.swift in Sources */ = {isa = PBXBuildFile; fileRef = DB0ED8DD24CD5807000CFE8B /* Appearance.swift */; };
		DB0ED8E124CD5837000CFE8B /* StatusBarStyle.swift in Sources */ = {isa = PBXBuildFile; fileRef = DB0ED8E024CD5837000CFE8B /* StatusBarStyle.swift */; };
		DB0ED8E324CD5AEF000CFE8B /* AppearancesFactory.swift in Sources */ = {isa = PBXBuildFile; fileRef = DB0ED8E224CD5AEF000CFE8B /* AppearancesFactory.swift */; };
		DB0ED8E624CD5B40000CFE8B /* AppearanceType.swift in Sources */ = {isa = PBXBuildFile; fileRef = DB0ED8E524CD5B40000CFE8B /* AppearanceType.swift */; };
		DB0ED8E824CD5B92000CFE8B /* Color+Extension.swift in Sources */ = {isa = PBXBuildFile; fileRef = DB0ED8E724CD5B92000CFE8B /* Color+Extension.swift */; };
		DB0ED8EB24CDC80C000CFE8B /* Product.swift in Sources */ = {isa = PBXBuildFile; fileRef = DB0ED8EA24CDC80C000CFE8B /* Product.swift */; };
		DB0ED8F124CDD81B000CFE8B /* PageView.swift in Sources */ = {isa = PBXBuildFile; fileRef = DB0ED8EE24CDD81B000CFE8B /* PageView.swift */; };
		DB0ED8F324CDD81B000CFE8B /* PageViewController.swift in Sources */ = {isa = PBXBuildFile; fileRef = DB0ED8F024CDD81B000CFE8B /* PageViewController.swift */; };
		DB0ED8F624CDDA2C000CFE8B /* CategoriesListScreen.swift in Sources */ = {isa = PBXBuildFile; fileRef = DB0ED8F524CDDA2C000CFE8B /* CategoriesListScreen.swift */; };
		DB16AAFF24CF182200B33B2A /* ScrollTextSegmentedView.swift in Sources */ = {isa = PBXBuildFile; fileRef = DB16AAFE24CF182200B33B2A /* ScrollTextSegmentedView.swift */; };
		DB16AB0224CFC28E00B33B2A /* Category.swift in Sources */ = {isa = PBXBuildFile; fileRef = DB16AB0124CFC28E00B33B2A /* Category.swift */; };
		DB16AB0624D073F300B33B2A /* GetCategoriesWebAPI.swift in Sources */ = {isa = PBXBuildFile; fileRef = DB16AB0524D073F300B33B2A /* GetCategoriesWebAPI.swift */; };
		DB16AB1224D074FE00B33B2A /* ServiceResultConvertor.swift in Sources */ = {isa = PBXBuildFile; fileRef = DB16AB0C24D074FE00B33B2A /* ServiceResultConvertor.swift */; };
		DB16AB1324D074FE00B33B2A /* ServiceResult.swift in Sources */ = {isa = PBXBuildFile; fileRef = DB16AB0D24D074FE00B33B2A /* ServiceResult.swift */; };
		DB16AB1424D074FE00B33B2A /* WebAPIResult.swift in Sources */ = {isa = PBXBuildFile; fileRef = DB16AB0F24D074FE00B33B2A /* WebAPIResult.swift */; };
		DB16AB1524D074FE00B33B2A /* CacheResult.swift in Sources */ = {isa = PBXBuildFile; fileRef = DB16AB1124D074FE00B33B2A /* CacheResult.swift */; };
		DB16AB2B24D0751000B33B2A /* WebAPIFailure.swift in Sources */ = {isa = PBXBuildFile; fileRef = DB16AB1C24D0751000B33B2A /* WebAPIFailure.swift */; };
		DB16AB2C24D0751000B33B2A /* WebAPIFailureConvertor.swift in Sources */ = {isa = PBXBuildFile; fileRef = DB16AB1D24D0751000B33B2A /* WebAPIFailureConvertor.swift */; };
		DB16AB2D24D0751000B33B2A /* WebAPIRequestError.swift in Sources */ = {isa = PBXBuildFile; fileRef = DB16AB1F24D0751000B33B2A /* WebAPIRequestError.swift */; };
		DB16AB2E24D0751000B33B2A /* WebAPIRequestErrorFactory.swift in Sources */ = {isa = PBXBuildFile; fileRef = DB16AB2024D0751000B33B2A /* WebAPIRequestErrorFactory.swift */; };
		DB16AB2F24D0751000B33B2A /* WebAPIResponseError.swift in Sources */ = {isa = PBXBuildFile; fileRef = DB16AB2224D0751000B33B2A /* WebAPIResponseError.swift */; };
		DB16AB3024D0751000B33B2A /* WebAPIResponseErrorFactory.swift in Sources */ = {isa = PBXBuildFile; fileRef = DB16AB2324D0751000B33B2A /* WebAPIResponseErrorFactory.swift */; };
		DB16AB3124D0751000B33B2A /* WebAPIResponseErrorJSONConvertor.swift in Sources */ = {isa = PBXBuildFile; fileRef = DB16AB2424D0751000B33B2A /* WebAPIResponseErrorJSONConvertor.swift */; };
		DB16AB3224D0751000B33B2A /* WebAPIResponseErrorCode.swift in Sources */ = {isa = PBXBuildFile; fileRef = DB16AB2524D0751000B33B2A /* WebAPIResponseErrorCode.swift */; };
		DB16AB3324D0751000B33B2A /* ServiceError.swift in Sources */ = {isa = PBXBuildFile; fileRef = DB16AB2724D0751000B33B2A /* ServiceError.swift */; };
		DB16AB3424D0751000B33B2A /* ServiceErrorConvertor.swift in Sources */ = {isa = PBXBuildFile; fileRef = DB16AB2824D0751000B33B2A /* ServiceErrorConvertor.swift */; };
		DB16AB3524D0751000B33B2A /* CacheError.swift in Sources */ = {isa = PBXBuildFile; fileRef = DB16AB2A24D0751000B33B2A /* CacheError.swift */; };
		DB16AB3A24D075BC00B33B2A /* URLRequestComposer.swift in Sources */ = {isa = PBXBuildFile; fileRef = DB16AB3824D075BC00B33B2A /* URLRequestComposer.swift */; };
		DB16AB3B24D075BC00B33B2A /* URLSessionWebAPI.swift in Sources */ = {isa = PBXBuildFile; fileRef = DB16AB3924D075BC00B33B2A /* URLSessionWebAPI.swift */; };
		DB421EAA24D834B800057B55 /* AppDelegate.swift in Sources */ = {isa = PBXBuildFile; fileRef = DB421EA924D834B800057B55 /* AppDelegate.swift */; };
		DB421EAD24D836B000057B55 /* CategoriesService.swift in Sources */ = {isa = PBXBuildFile; fileRef = DB421EAC24D836B000057B55 /* CategoriesService.swift */; };
		DB421EB024D83AAB00057B55 /* ActivityIndicator.swift in Sources */ = {isa = PBXBuildFile; fileRef = DB421EAF24D83AAB00057B55 /* ActivityIndicator.swift */; };
		DB421EB224D83BD100057B55 /* CategoriesListScreenView.swift in Sources */ = {isa = PBXBuildFile; fileRef = DB421EB124D83BD100057B55 /* CategoriesListScreenView.swift */; };
		DB421EB424D83F8500057B55 /* GetProductsWebAPI.swift in Sources */ = {isa = PBXBuildFile; fileRef = DB421EB324D83F8500057B55 /* GetProductsWebAPI.swift */; };
		DB421EB624D8432E00057B55 /* ProductsService.swift in Sources */ = {isa = PBXBuildFile; fileRef = DB421EB524D8432E00057B55 /* ProductsService.swift */; };
		DB421EBA24D84B6100057B55 /* ProductDetailsScreen.swift in Sources */ = {isa = PBXBuildFile; fileRef = DB421EB924D84B6100057B55 /* ProductDetailsScreen.swift */; };
		DB67F21824E8FE8A0003C0AD /* PrimaryButtonStyle.swift in Sources */ = {isa = PBXBuildFile; fileRef = DB67F21724E8FE8A0003C0AD /* PrimaryButtonStyle.swift */; };
		DB67F21A24E900F50003C0AD /* SecondaryButtonStyle.swift in Sources */ = {isa = PBXBuildFile; fileRef = DB67F21924E900F50003C0AD /* SecondaryButtonStyle.swift */; };
		DB67F21D24E909320003C0AD /* Cart.swift in Sources */ = {isa = PBXBuildFile; fileRef = DB67F21C24E909320003C0AD /* Cart.swift */; };
		DB67F21F24E93EF00003C0AD /* JSON.swift in Sources */ = {isa = PBXBuildFile; fileRef = DB67F21E24E93EF00003C0AD /* JSON.swift */; };
		DB67F22124E941BB0003C0AD /* CartVolumeButton.swift in Sources */ = {isa = PBXBuildFile; fileRef = DB67F22024E941BB0003C0AD /* CartVolumeButton.swift */; };
		DB74CF5624EEB8E700087319 /* ShippingScreen.swift in Sources */ = {isa = PBXBuildFile; fileRef = DB74CF5524EEB8E700087319 /* ShippingScreen.swift */; };
		DB74CF5824EEBACC00087319 /* ShippingScreenView.swift in Sources */ = {isa = PBXBuildFile; fileRef = DB74CF5724EEBACC00087319 /* ShippingScreenView.swift */; };
		DB74CF5B24EEBAFB00087319 /* ShippingScreenForm.swift in Sources */ = {isa = PBXBuildFile; fileRef = DB74CF5A24EEBAFB00087319 /* ShippingScreenForm.swift */; };
		DB74CF5D24EECDE500087319 /* View+Extension.swift in Sources */ = {isa = PBXBuildFile; fileRef = DB74CF5C24EECDE500087319 /* View+Extension.swift */; };
		DB74CF6224F0ECBD00087319 /* MakePaymentScreen.swift in Sources */ = {isa = PBXBuildFile; fileRef = DB74CF6124F0ECBD00087319 /* MakePaymentScreen.swift */; };
		DB74CF6424F0ECCB00087319 /* MakePaymentScreenView.swift in Sources */ = {isa = PBXBuildFile; fileRef = DB74CF6324F0ECCB00087319 /* MakePaymentScreenView.swift */; };
		DB74CF6724F0ED2D00087319 /* MakePaymentForm.swift in Sources */ = {isa = PBXBuildFile; fileRef = DB74CF6624F0ED2D00087319 /* MakePaymentForm.swift */; };
		DB74CF6924F104AC00087319 /* MakePaymentWebAPI.swift in Sources */ = {isa = PBXBuildFile; fileRef = DB74CF6824F104AC00087319 /* MakePaymentWebAPI.swift */; };
		DB74CF6C24F1050900087319 /* ShippingInfo.swift in Sources */ = {isa = PBXBuildFile; fileRef = DB74CF6B24F1050900087319 /* ShippingInfo.swift */; };
		DB74CF6F24F1054E00087319 /* PaymentInfo.swift in Sources */ = {isa = PBXBuildFile; fileRef = DB74CF6E24F1054E00087319 /* PaymentInfo.swift */; };
		DB74CF7124F1061C00087319 /* MakePaymentService.swift in Sources */ = {isa = PBXBuildFile; fileRef = DB74CF7024F1061C00087319 /* MakePaymentService.swift */; };
		DB74CF7324F1076900087319 /* MakePaymentFormConvertor.swift in Sources */ = {isa = PBXBuildFile; fileRef = DB74CF7224F1076900087319 /* MakePaymentFormConvertor.swift */; };
		DB74CF7724F1090000087319 /* String+Extension.swift in Sources */ = {isa = PBXBuildFile; fileRef = DB74CF7624F1090000087319 /* String+Extension.swift */; };
		DB74CF7A24F10C8600087319 /* PaymentSuccessScreen.swift in Sources */ = {isa = PBXBuildFile; fileRef = DB74CF7924F10C8600087319 /* PaymentSuccessScreen.swift */; };
		DB74CF7C24F10D2E00087319 /* ShippingScreenFormConvertor.swift in Sources */ = {isa = PBXBuildFile; fileRef = DB74CF7B24F10D2E00087319 /* ShippingScreenFormConvertor.swift */; };
		DB74CF7E24F10DC400087319 /* PaymentSuccessScreenView.swift in Sources */ = {isa = PBXBuildFile; fileRef = DB74CF7D24F10DC400087319 /* PaymentSuccessScreenView.swift */; };
		DB74CF8124F16ADE00087319 /* RootScreen.swift in Sources */ = {isa = PBXBuildFile; fileRef = DB74CF8024F16ADE00087319 /* RootScreen.swift */; };
		DB74CF8824F26F6B00087319 /* UnderlineTextInput.swift in Sources */ = {isa = PBXBuildFile; fileRef = DB74CF8724F26F6B00087319 /* UnderlineTextInput.swift */; };
		DB77AC5524DE7D81005A79C0 /* ProductDetailsScreenView.swift in Sources */ = {isa = PBXBuildFile; fileRef = DB77AC5424DE7D80005A79C0 /* ProductDetailsScreenView.swift */; };
		DB77AC5E24E56075005A79C0 /* CartItemsListScreen.swift in Sources */ = {isa = PBXBuildFile; fileRef = DB77AC5D24E56075005A79C0 /* CartItemsListScreen.swift */; };
		DB77AC6024E56815005A79C0 /* CartItemsListScreenView.swift in Sources */ = {isa = PBXBuildFile; fileRef = DB77AC5F24E56815005A79C0 /* CartItemsListScreenView.swift */; };
		DB77AC6424E569C8005A79C0 /* CartItem.swift in Sources */ = {isa = PBXBuildFile; fileRef = DB77AC6324E569C8005A79C0 /* CartItem.swift */; };
		DB77AC6824E56CFD005A79C0 /* CartItemsListItemView.swift in Sources */ = {isa = PBXBuildFile; fileRef = DB77AC6724E56CFD005A79C0 /* CartItemsListItemView.swift */; };
		DB77AC6B24E56FB8005A79C0 /* PriceFormatter.swift in Sources */ = {isa = PBXBuildFile; fileRef = DB77AC6A24E56FB8005A79C0 /* PriceFormatter.swift */; };
		DB77AC6E24E5925E005A79C0 /* StepperView.swift in Sources */ = {isa = PBXBuildFile; fileRef = DB77AC6D24E5925E005A79C0 /* StepperView.swift */; };
		DB86F6D124CC021E00B0F609 /* SceneDelegate.swift in Sources */ = {isa = PBXBuildFile; fileRef = DB86F6D024CC021E00B0F609 /* SceneDelegate.swift */; };
		DB86F6D524CC022000B0F609 /* Assets.xcassets in Resources */ = {isa = PBXBuildFile; fileRef = DB86F6D424CC022000B0F609 /* Assets.xcassets */; };
		DB86F6D824CC022000B0F609 /* Preview Assets.xcassets in Resources */ = {isa = PBXBuildFile; fileRef = DB86F6D724CC022000B0F609 /* Preview Assets.xcassets */; };
		DB86F6DB24CC022000B0F609 /* LaunchScreen.storyboard in Resources */ = {isa = PBXBuildFile; fileRef = DB86F6D924CC022000B0F609 /* LaunchScreen.storyboard */; };
		DB86F6E824CC43C700B0F609 /* ProductListScreen.swift in Sources */ = {isa = PBXBuildFile; fileRef = DB86F6E724CC43C700B0F609 /* ProductListScreen.swift */; };
		DB86F6EA24CC43D400B0F609 /* ProductListScreenView.swift in Sources */ = {isa = PBXBuildFile; fileRef = DB86F6E924CC43D400B0F609 /* ProductListScreenView.swift */; };
		DBAE5F1D24CC680100F1ADDB /* ProductListItemView.swift in Sources */ = {isa = PBXBuildFile; fileRef = DBAE5F1C24CC680100F1ADDB /* ProductListItemView.swift */; };
		DBAE5F2024CC69C000F1ADDB /* SDWebImageSwiftUI in Frameworks */ = {isa = PBXBuildFile; productRef = DBAE5F1F24CC69C000F1ADDB /* SDWebImageSwiftUI */; };
/* End PBXBuildFile section */

/* Begin PBXFileReference section */
		0270032925D6D22900112A72 /* CategoryJSONConvertor.swift */ = {isa = PBXFileReference; lastKnownFileType = sourcecode.swift; path = CategoryJSONConvertor.swift; sourceTree = "<group>"; };
		0270032C25D6D44400112A72 /* ProductJSONConvertor.swift */ = {isa = PBXFileReference; lastKnownFileType = sourcecode.swift; path = ProductJSONConvertor.swift; sourceTree = "<group>"; };
		DB03B93A24F6940C002C4E35 /* CardNumberValidator.swift */ = {isa = PBXFileReference; lastKnownFileType = sourcecode.swift; path = CardNumberValidator.swift; sourceTree = "<group>"; };
		DB03B93D24F695AA002C4E35 /* ValidatorResult.swift */ = {isa = PBXFileReference; lastKnownFileType = sourcecode.swift; path = ValidatorResult.swift; sourceTree = "<group>"; };
		DB03B94024F695E7002C4E35 /* ValidatorError.swift */ = {isa = PBXFileReference; lastKnownFileType = sourcecode.swift; path = ValidatorError.swift; sourceTree = "<group>"; };
		DB03B94224F69672002C4E35 /* CardExpiredValidator.swift */ = {isa = PBXFileReference; lastKnownFileType = sourcecode.swift; path = CardExpiredValidator.swift; sourceTree = "<group>"; };
		DB03B94424F697EF002C4E35 /* CardExpiredConvertor.swift */ = {isa = PBXFileReference; lastKnownFileType = sourcecode.swift; path = CardExpiredConvertor.swift; sourceTree = "<group>"; };
		DB03B94824F69AEB002C4E35 /* CardCVVValidator.swift */ = {isa = PBXFileReference; lastKnownFileType = sourcecode.swift; path = CardCVVValidator.swift; sourceTree = "<group>"; };
		DB03B94C24F6B749002C4E35 /* CategoriesListItemView.swift */ = {isa = PBXFileReference; lastKnownFileType = sourcecode.swift; path = CategoriesListItemView.swift; sourceTree = "<group>"; };
		DB0ED8D224CD51B6000CFE8B /* Font+Extension.swift */ = {isa = PBXFileReference; lastKnownFileType = sourcecode.swift; path = "Font+Extension.swift"; sourceTree = "<group>"; };
		DB0ED8D824CD51E5000CFE8B /* FontFamilly.swift */ = {isa = PBXFileReference; lastKnownFileType = sourcecode.swift; path = FontFamilly.swift; sourceTree = "<group>"; };
		DB0ED8DA24CD51F4000CFE8B /* FontWeight.swift */ = {isa = PBXFileReference; lastKnownFileType = sourcecode.swift; path = FontWeight.swift; sourceTree = "<group>"; };
		DB0ED8DD24CD5807000CFE8B /* Appearance.swift */ = {isa = PBXFileReference; lastKnownFileType = sourcecode.swift; path = Appearance.swift; sourceTree = "<group>"; };
		DB0ED8E024CD5837000CFE8B /* StatusBarStyle.swift */ = {isa = PBXFileReference; lastKnownFileType = sourcecode.swift; path = StatusBarStyle.swift; sourceTree = "<group>"; };
		DB0ED8E224CD5AEF000CFE8B /* AppearancesFactory.swift */ = {isa = PBXFileReference; lastKnownFileType = sourcecode.swift; path = AppearancesFactory.swift; sourceTree = "<group>"; };
		DB0ED8E524CD5B40000CFE8B /* AppearanceType.swift */ = {isa = PBXFileReference; lastKnownFileType = sourcecode.swift; path = AppearanceType.swift; sourceTree = "<group>"; };
		DB0ED8E724CD5B92000CFE8B /* Color+Extension.swift */ = {isa = PBXFileReference; lastKnownFileType = sourcecode.swift; path = "Color+Extension.swift"; sourceTree = "<group>"; };
		DB0ED8EA24CDC80C000CFE8B /* Product.swift */ = {isa = PBXFileReference; lastKnownFileType = sourcecode.swift; path = Product.swift; sourceTree = "<group>"; };
		DB0ED8EE24CDD81B000CFE8B /* PageView.swift */ = {isa = PBXFileReference; fileEncoding = 4; lastKnownFileType = sourcecode.swift; path = PageView.swift; sourceTree = "<group>"; };
		DB0ED8F024CDD81B000CFE8B /* PageViewController.swift */ = {isa = PBXFileReference; fileEncoding = 4; lastKnownFileType = sourcecode.swift; path = PageViewController.swift; sourceTree = "<group>"; };
		DB0ED8F524CDDA2C000CFE8B /* CategoriesListScreen.swift */ = {isa = PBXFileReference; lastKnownFileType = sourcecode.swift; path = CategoriesListScreen.swift; sourceTree = "<group>"; };
		DB16AAFE24CF182200B33B2A /* ScrollTextSegmentedView.swift */ = {isa = PBXFileReference; lastKnownFileType = sourcecode.swift; path = ScrollTextSegmentedView.swift; sourceTree = "<group>"; };
		DB16AB0124CFC28E00B33B2A /* Category.swift */ = {isa = PBXFileReference; lastKnownFileType = sourcecode.swift; path = Category.swift; sourceTree = "<group>"; };
		DB16AB0524D073F300B33B2A /* GetCategoriesWebAPI.swift */ = {isa = PBXFileReference; lastKnownFileType = sourcecode.swift; path = GetCategoriesWebAPI.swift; sourceTree = "<group>"; };
		DB16AB0C24D074FE00B33B2A /* ServiceResultConvertor.swift */ = {isa = PBXFileReference; fileEncoding = 4; lastKnownFileType = sourcecode.swift; path = ServiceResultConvertor.swift; sourceTree = "<group>"; };
		DB16AB0D24D074FE00B33B2A /* ServiceResult.swift */ = {isa = PBXFileReference; fileEncoding = 4; lastKnownFileType = sourcecode.swift; path = ServiceResult.swift; sourceTree = "<group>"; };
		DB16AB0F24D074FE00B33B2A /* WebAPIResult.swift */ = {isa = PBXFileReference; fileEncoding = 4; lastKnownFileType = sourcecode.swift; path = WebAPIResult.swift; sourceTree = "<group>"; };
		DB16AB1124D074FE00B33B2A /* CacheResult.swift */ = {isa = PBXFileReference; fileEncoding = 4; lastKnownFileType = sourcecode.swift; path = CacheResult.swift; sourceTree = "<group>"; };
		DB16AB1C24D0751000B33B2A /* WebAPIFailure.swift */ = {isa = PBXFileReference; fileEncoding = 4; lastKnownFileType = sourcecode.swift; path = WebAPIFailure.swift; sourceTree = "<group>"; };
		DB16AB1D24D0751000B33B2A /* WebAPIFailureConvertor.swift */ = {isa = PBXFileReference; fileEncoding = 4; lastKnownFileType = sourcecode.swift; path = WebAPIFailureConvertor.swift; sourceTree = "<group>"; };
		DB16AB1F24D0751000B33B2A /* WebAPIRequestError.swift */ = {isa = PBXFileReference; fileEncoding = 4; lastKnownFileType = sourcecode.swift; path = WebAPIRequestError.swift; sourceTree = "<group>"; };
		DB16AB2024D0751000B33B2A /* WebAPIRequestErrorFactory.swift */ = {isa = PBXFileReference; fileEncoding = 4; lastKnownFileType = sourcecode.swift; path = WebAPIRequestErrorFactory.swift; sourceTree = "<group>"; };
		DB16AB2224D0751000B33B2A /* WebAPIResponseError.swift */ = {isa = PBXFileReference; fileEncoding = 4; lastKnownFileType = sourcecode.swift; path = WebAPIResponseError.swift; sourceTree = "<group>"; };
		DB16AB2324D0751000B33B2A /* WebAPIResponseErrorFactory.swift */ = {isa = PBXFileReference; fileEncoding = 4; lastKnownFileType = sourcecode.swift; path = WebAPIResponseErrorFactory.swift; sourceTree = "<group>"; };
		DB16AB2424D0751000B33B2A /* WebAPIResponseErrorJSONConvertor.swift */ = {isa = PBXFileReference; fileEncoding = 4; lastKnownFileType = sourcecode.swift; path = WebAPIResponseErrorJSONConvertor.swift; sourceTree = "<group>"; };
		DB16AB2524D0751000B33B2A /* WebAPIResponseErrorCode.swift */ = {isa = PBXFileReference; fileEncoding = 4; lastKnownFileType = sourcecode.swift; path = WebAPIResponseErrorCode.swift; sourceTree = "<group>"; };
		DB16AB2724D0751000B33B2A /* ServiceError.swift */ = {isa = PBXFileReference; fileEncoding = 4; lastKnownFileType = sourcecode.swift; path = ServiceError.swift; sourceTree = "<group>"; };
		DB16AB2824D0751000B33B2A /* ServiceErrorConvertor.swift */ = {isa = PBXFileReference; fileEncoding = 4; lastKnownFileType = sourcecode.swift; path = ServiceErrorConvertor.swift; sourceTree = "<group>"; };
		DB16AB2A24D0751000B33B2A /* CacheError.swift */ = {isa = PBXFileReference; fileEncoding = 4; lastKnownFileType = sourcecode.swift; path = CacheError.swift; sourceTree = "<group>"; };
		DB16AB3824D075BC00B33B2A /* URLRequestComposer.swift */ = {isa = PBXFileReference; fileEncoding = 4; lastKnownFileType = sourcecode.swift; path = URLRequestComposer.swift; sourceTree = "<group>"; };
		DB16AB3924D075BC00B33B2A /* URLSessionWebAPI.swift */ = {isa = PBXFileReference; fileEncoding = 4; lastKnownFileType = sourcecode.swift; path = URLSessionWebAPI.swift; sourceTree = "<group>"; };
		DB421EA924D834B800057B55 /* AppDelegate.swift */ = {isa = PBXFileReference; lastKnownFileType = sourcecode.swift; path = AppDelegate.swift; sourceTree = "<group>"; };
		DB421EAC24D836B000057B55 /* CategoriesService.swift */ = {isa = PBXFileReference; lastKnownFileType = sourcecode.swift; path = CategoriesService.swift; sourceTree = "<group>"; };
		DB421EAF24D83AAB00057B55 /* ActivityIndicator.swift */ = {isa = PBXFileReference; lastKnownFileType = sourcecode.swift; path = ActivityIndicator.swift; sourceTree = "<group>"; };
		DB421EB124D83BD100057B55 /* CategoriesListScreenView.swift */ = {isa = PBXFileReference; lastKnownFileType = sourcecode.swift; path = CategoriesListScreenView.swift; sourceTree = "<group>"; };
		DB421EB324D83F8500057B55 /* GetProductsWebAPI.swift */ = {isa = PBXFileReference; lastKnownFileType = sourcecode.swift; path = GetProductsWebAPI.swift; sourceTree = "<group>"; };
		DB421EB524D8432E00057B55 /* ProductsService.swift */ = {isa = PBXFileReference; lastKnownFileType = sourcecode.swift; path = ProductsService.swift; sourceTree = "<group>"; };
		DB421EB924D84B6100057B55 /* ProductDetailsScreen.swift */ = {isa = PBXFileReference; lastKnownFileType = sourcecode.swift; path = ProductDetailsScreen.swift; sourceTree = "<group>"; };
		DB67F21724E8FE8A0003C0AD /* PrimaryButtonStyle.swift */ = {isa = PBXFileReference; lastKnownFileType = sourcecode.swift; path = PrimaryButtonStyle.swift; sourceTree = "<group>"; };
		DB67F21924E900F50003C0AD /* SecondaryButtonStyle.swift */ = {isa = PBXFileReference; lastKnownFileType = sourcecode.swift; path = SecondaryButtonStyle.swift; sourceTree = "<group>"; };
		DB67F21C24E909320003C0AD /* Cart.swift */ = {isa = PBXFileReference; lastKnownFileType = sourcecode.swift; path = Cart.swift; sourceTree = "<group>"; };
		DB67F21E24E93EF00003C0AD /* JSON.swift */ = {isa = PBXFileReference; lastKnownFileType = sourcecode.swift; path = JSON.swift; sourceTree = "<group>"; };
		DB67F22024E941BB0003C0AD /* CartVolumeButton.swift */ = {isa = PBXFileReference; lastKnownFileType = sourcecode.swift; path = CartVolumeButton.swift; sourceTree = "<group>"; };
		DB74CF5524EEB8E700087319 /* ShippingScreen.swift */ = {isa = PBXFileReference; lastKnownFileType = sourcecode.swift; path = ShippingScreen.swift; sourceTree = "<group>"; };
		DB74CF5724EEBACC00087319 /* ShippingScreenView.swift */ = {isa = PBXFileReference; lastKnownFileType = sourcecode.swift; path = ShippingScreenView.swift; sourceTree = "<group>"; };
		DB74CF5A24EEBAFB00087319 /* ShippingScreenForm.swift */ = {isa = PBXFileReference; lastKnownFileType = sourcecode.swift; path = ShippingScreenForm.swift; sourceTree = "<group>"; };
		DB74CF5C24EECDE500087319 /* View+Extension.swift */ = {isa = PBXFileReference; lastKnownFileType = sourcecode.swift; path = "View+Extension.swift"; sourceTree = "<group>"; };
		DB74CF6124F0ECBD00087319 /* MakePaymentScreen.swift */ = {isa = PBXFileReference; lastKnownFileType = sourcecode.swift; path = MakePaymentScreen.swift; sourceTree = "<group>"; };
		DB74CF6324F0ECCB00087319 /* MakePaymentScreenView.swift */ = {isa = PBXFileReference; lastKnownFileType = sourcecode.swift; path = MakePaymentScreenView.swift; sourceTree = "<group>"; };
		DB74CF6624F0ED2D00087319 /* MakePaymentForm.swift */ = {isa = PBXFileReference; lastKnownFileType = sourcecode.swift; path = MakePaymentForm.swift; sourceTree = "<group>"; };
		DB74CF6824F104AC00087319 /* MakePaymentWebAPI.swift */ = {isa = PBXFileReference; lastKnownFileType = sourcecode.swift; path = MakePaymentWebAPI.swift; sourceTree = "<group>"; };
		DB74CF6B24F1050900087319 /* ShippingInfo.swift */ = {isa = PBXFileReference; lastKnownFileType = sourcecode.swift; path = ShippingInfo.swift; sourceTree = "<group>"; };
		DB74CF6E24F1054E00087319 /* PaymentInfo.swift */ = {isa = PBXFileReference; lastKnownFileType = sourcecode.swift; path = PaymentInfo.swift; sourceTree = "<group>"; };
		DB74CF7024F1061C00087319 /* MakePaymentService.swift */ = {isa = PBXFileReference; lastKnownFileType = sourcecode.swift; path = MakePaymentService.swift; sourceTree = "<group>"; };
		DB74CF7224F1076900087319 /* MakePaymentFormConvertor.swift */ = {isa = PBXFileReference; lastKnownFileType = sourcecode.swift; path = MakePaymentFormConvertor.swift; sourceTree = "<group>"; };
		DB74CF7624F1090000087319 /* String+Extension.swift */ = {isa = PBXFileReference; lastKnownFileType = sourcecode.swift; path = "String+Extension.swift"; sourceTree = "<group>"; };
		DB74CF7924F10C8600087319 /* PaymentSuccessScreen.swift */ = {isa = PBXFileReference; lastKnownFileType = sourcecode.swift; path = PaymentSuccessScreen.swift; sourceTree = "<group>"; };
		DB74CF7B24F10D2E00087319 /* ShippingScreenFormConvertor.swift */ = {isa = PBXFileReference; lastKnownFileType = sourcecode.swift; path = ShippingScreenFormConvertor.swift; sourceTree = "<group>"; };
		DB74CF7D24F10DC400087319 /* PaymentSuccessScreenView.swift */ = {isa = PBXFileReference; lastKnownFileType = sourcecode.swift; path = PaymentSuccessScreenView.swift; sourceTree = "<group>"; };
		DB74CF8024F16ADE00087319 /* RootScreen.swift */ = {isa = PBXFileReference; lastKnownFileType = sourcecode.swift; path = RootScreen.swift; sourceTree = "<group>"; };
		DB74CF8724F26F6B00087319 /* UnderlineTextInput.swift */ = {isa = PBXFileReference; lastKnownFileType = sourcecode.swift; path = UnderlineTextInput.swift; sourceTree = "<group>"; };
		DB77AC5424DE7D80005A79C0 /* ProductDetailsScreenView.swift */ = {isa = PBXFileReference; lastKnownFileType = sourcecode.swift; path = ProductDetailsScreenView.swift; sourceTree = "<group>"; };
		DB77AC5A24E3B18A005A79C0 /* ShopApp.entitlements */ = {isa = PBXFileReference; lastKnownFileType = text.plist.entitlements; path = ShopApp.entitlements; sourceTree = "<group>"; };
		DB77AC5D24E56075005A79C0 /* CartItemsListScreen.swift */ = {isa = PBXFileReference; lastKnownFileType = sourcecode.swift; path = CartItemsListScreen.swift; sourceTree = "<group>"; };
		DB77AC5F24E56815005A79C0 /* CartItemsListScreenView.swift */ = {isa = PBXFileReference; lastKnownFileType = sourcecode.swift; path = CartItemsListScreenView.swift; sourceTree = "<group>"; };
		DB77AC6324E569C8005A79C0 /* CartItem.swift */ = {isa = PBXFileReference; lastKnownFileType = sourcecode.swift; path = CartItem.swift; sourceTree = "<group>"; };
		DB77AC6724E56CFD005A79C0 /* CartItemsListItemView.swift */ = {isa = PBXFileReference; lastKnownFileType = sourcecode.swift; path = CartItemsListItemView.swift; sourceTree = "<group>"; };
		DB77AC6A24E56FB8005A79C0 /* PriceFormatter.swift */ = {isa = PBXFileReference; lastKnownFileType = sourcecode.swift; path = PriceFormatter.swift; sourceTree = "<group>"; };
		DB77AC6D24E5925E005A79C0 /* StepperView.swift */ = {isa = PBXFileReference; lastKnownFileType = sourcecode.swift; path = StepperView.swift; sourceTree = "<group>"; };
		DB86F6CB24CC021E00B0F609 /* ShopApp.app */ = {isa = PBXFileReference; explicitFileType = wrapper.application; includeInIndex = 0; path = ShopApp.app; sourceTree = BUILT_PRODUCTS_DIR; };
		DB86F6D024CC021E00B0F609 /* SceneDelegate.swift */ = {isa = PBXFileReference; lastKnownFileType = sourcecode.swift; path = SceneDelegate.swift; sourceTree = "<group>"; };
		DB86F6D424CC022000B0F609 /* Assets.xcassets */ = {isa = PBXFileReference; lastKnownFileType = folder.assetcatalog; path = Assets.xcassets; sourceTree = "<group>"; };
		DB86F6D724CC022000B0F609 /* Preview Assets.xcassets */ = {isa = PBXFileReference; lastKnownFileType = folder.assetcatalog; path = "Preview Assets.xcassets"; sourceTree = "<group>"; };
		DB86F6DA24CC022000B0F609 /* Base */ = {isa = PBXFileReference; lastKnownFileType = file.storyboard; name = Base; path = Base.lproj/LaunchScreen.storyboard; sourceTree = "<group>"; };
		DB86F6DC24CC022000B0F609 /* Info.plist */ = {isa = PBXFileReference; lastKnownFileType = text.plist.xml; path = Info.plist; sourceTree = "<group>"; };
		DB86F6E724CC43C700B0F609 /* ProductListScreen.swift */ = {isa = PBXFileReference; lastKnownFileType = sourcecode.swift; path = ProductListScreen.swift; sourceTree = "<group>"; };
		DB86F6E924CC43D400B0F609 /* ProductListScreenView.swift */ = {isa = PBXFileReference; lastKnownFileType = sourcecode.swift; path = ProductListScreenView.swift; sourceTree = "<group>"; };
		DBAE5F1C24CC680100F1ADDB /* ProductListItemView.swift */ = {isa = PBXFileReference; lastKnownFileType = sourcecode.swift; path = ProductListItemView.swift; sourceTree = "<group>"; };
/* End PBXFileReference section */

/* Begin PBXFrameworksBuildPhase section */
		DB86F6C824CC021E00B0F609 /* Frameworks */ = {
			isa = PBXFrameworksBuildPhase;
			buildActionMask = 2147483647;
			files = (
				DBAE5F2024CC69C000F1ADDB /* SDWebImageSwiftUI in Frameworks */,
			);
			runOnlyForDeploymentPostprocessing = 0;
		};
/* End PBXFrameworksBuildPhase section */

/* Begin PBXGroup section */
		DB03B93924F693F6002C4E35 /* Validators */ = {
			isa = PBXGroup;
			children = (
				DB03B93A24F6940C002C4E35 /* CardNumberValidator.swift */,
				DB03B94224F69672002C4E35 /* CardExpiredValidator.swift */,
				DB03B94824F69AEB002C4E35 /* CardCVVValidator.swift */,
			);
			path = Validators;
			sourceTree = "<group>";
		};
		DB03B93C24F69599002C4E35 /* ValidatorResult */ = {
			isa = PBXGroup;
			children = (
				DB03B93D24F695AA002C4E35 /* ValidatorResult.swift */,
			);
			path = ValidatorResult;
			sourceTree = "<group>";
		};
		DB03B93F24F695D2002C4E35 /* ValidatorError */ = {
			isa = PBXGroup;
			children = (
				DB03B94024F695E7002C4E35 /* ValidatorError.swift */,
			);
			path = ValidatorError;
			sourceTree = "<group>";
		};
		DB03B94A24F6B735002C4E35 /* Helpers */ = {
			isa = PBXGroup;
			children = (
				DB03B94B24F6B73F002C4E35 /* ListItem */,
			);
			path = Helpers;
			sourceTree = "<group>";
		};
		DB03B94B24F6B73F002C4E35 /* ListItem */ = {
			isa = PBXGroup;
			children = (
				DB03B94C24F6B749002C4E35 /* CategoriesListItemView.swift */,
			);
			path = ListItem;
			sourceTree = "<group>";
		};
		DB0ED8CE24CD4FCF000CFE8B /* Extensions */ = {
			isa = PBXGroup;
			children = (
				DB0ED8D224CD51B6000CFE8B /* Font+Extension.swift */,
				DB0ED8E724CD5B92000CFE8B /* Color+Extension.swift */,
				DB74CF5C24EECDE500087319 /* View+Extension.swift */,
			);
			path = Extensions;
			sourceTree = "<group>";
		};
		DB0ED8D624CD51D2000CFE8B /* Models */ = {
			isa = PBXGroup;
			children = (
				DB77AC5924DECB5A005A79C0 /* Cart */,
				DB0ED8DF24CD582A000CFE8B /* StatusBarStyle */,
				DB0ED8DC24CD57D1000CFE8B /* Appearance */,
				DB0ED8D724CD51D7000CFE8B /* Font */,
			);
			path = Models;
			sourceTree = "<group>";
		};
		DB0ED8D724CD51D7000CFE8B /* Font */ = {
			isa = PBXGroup;
			children = (
				DB0ED8D824CD51E5000CFE8B /* FontFamilly.swift */,
				DB0ED8DA24CD51F4000CFE8B /* FontWeight.swift */,
			);
			path = Font;
			sourceTree = "<group>";
		};
		DB0ED8DC24CD57D1000CFE8B /* Appearance */ = {
			isa = PBXGroup;
			children = (
				DB0ED8DD24CD5807000CFE8B /* Appearance.swift */,
				DB0ED8E524CD5B40000CFE8B /* AppearanceType.swift */,
				DB0ED8E224CD5AEF000CFE8B /* AppearancesFactory.swift */,
			);
			path = Appearance;
			sourceTree = "<group>";
		};
		DB0ED8DF24CD582A000CFE8B /* StatusBarStyle */ = {
			isa = PBXGroup;
			children = (
				DB0ED8E024CD5837000CFE8B /* StatusBarStyle.swift */,
			);
			path = StatusBarStyle;
			sourceTree = "<group>";
		};
		DB0ED8E924CDC7FF000CFE8B /* Product */ = {
			isa = PBXGroup;
			children = (
				DB0ED8EA24CDC80C000CFE8B /* Product.swift */,
				0270032C25D6D44400112A72 /* ProductJSONConvertor.swift */,
			);
			path = Product;
			sourceTree = "<group>";
		};
		DB0ED8EC24CDD4E7000CFE8B /* CategoriesList */ = {
			isa = PBXGroup;
			children = (
				DB0ED8F424CDDA17000CFE8B /* Screen */,
				DB03B94A24F6B735002C4E35 /* Helpers */,
			);
			path = CategoriesList;
			sourceTree = "<group>";
		};
		DB0ED8ED24CDD80F000CFE8B /* PageView */ = {
			isa = PBXGroup;
			children = (
				DB0ED8EE24CDD81B000CFE8B /* PageView.swift */,
				DB0ED8F024CDD81B000CFE8B /* PageViewController.swift */,
			);
			path = PageView;
			sourceTree = "<group>";
		};
		DB0ED8F424CDDA17000CFE8B /* Screen */ = {
			isa = PBXGroup;
			children = (
				DB0ED8F524CDDA2C000CFE8B /* CategoriesListScreen.swift */,
				DB421EB124D83BD100057B55 /* CategoriesListScreenView.swift */,
			);
			path = Screen;
			sourceTree = "<group>";
		};
		DB16AAFB24CF165300B33B2A /* ScrollSegmentedView */ = {
			isa = PBXGroup;
			children = (
				DB16AAFE24CF182200B33B2A /* ScrollTextSegmentedView.swift */,
			);
			path = ScrollSegmentedView;
			sourceTree = "<group>";
		};
		DB16AB0024CFC28000B33B2A /* Category */ = {
			isa = PBXGroup;
			children = (
				DB16AB0124CFC28E00B33B2A /* Category.swift */,
				0270032925D6D22900112A72 /* CategoryJSONConvertor.swift */,
			);
			path = Category;
			sourceTree = "<group>";
		};
		DB16AB0324D0728A00B33B2A /* DataLayer */ = {
			isa = PBXGroup;
			children = (
				DB16AB0424D0729800B33B2A /* Networking */,
				DB74CF7524F108EA00087319 /* Processing */,
			);
			path = DataLayer;
			sourceTree = "<group>";
		};
		DB16AB0424D0729800B33B2A /* Networking */ = {
			isa = PBXGroup;
			children = (
				DB16AB3724D0758D00B33B2A /* WebAPI */,
				DB16AB3624D0758200B33B2A /* Helpers */,
			);
			path = Networking;
			sourceTree = "<group>";
		};
		DB16AB0724D0745500B33B2A /* Business */ = {
			isa = PBXGroup;
			children = (
				DB74CF6D24F1053D00087319 /* Payment */,
				DB74CF6A24F104FD00087319 /* Shipping */,
				DB77AC6124E569B2005A79C0 /* Cart */,
				DB16AB0024CFC28000B33B2A /* Category */,
				DB0ED8E924CDC7FF000CFE8B /* Product */,
			);
			path = Business;
			sourceTree = "<group>";
		};
		DB16AB0824D0745E00B33B2A /* Common */ = {
			isa = PBXGroup;
			children = (
				DB16AB0A24D074FE00B33B2A /* Results */,
				DB16AB1624D0750700B33B2A /* JSON */,
				DB16AB1924D0751000B33B2A /* Errors */,
			);
			path = Common;
			sourceTree = "<group>";
		};
		DB16AB0A24D074FE00B33B2A /* Results */ = {
			isa = PBXGroup;
			children = (
				DB03B93C24F69599002C4E35 /* ValidatorResult */,
				DB16AB0B24D074FE00B33B2A /* ServiceResult */,
				DB16AB0E24D074FE00B33B2A /* WebAPIResult */,
				DB16AB1024D074FE00B33B2A /* CacheResult */,
			);
			path = Results;
			sourceTree = "<group>";
		};
		DB16AB0B24D074FE00B33B2A /* ServiceResult */ = {
			isa = PBXGroup;
			children = (
				DB16AB0C24D074FE00B33B2A /* ServiceResultConvertor.swift */,
				DB16AB0D24D074FE00B33B2A /* ServiceResult.swift */,
			);
			path = ServiceResult;
			sourceTree = "<group>";
		};
		DB16AB0E24D074FE00B33B2A /* WebAPIResult */ = {
			isa = PBXGroup;
			children = (
				DB16AB0F24D074FE00B33B2A /* WebAPIResult.swift */,
			);
			path = WebAPIResult;
			sourceTree = "<group>";
		};
		DB16AB1024D074FE00B33B2A /* CacheResult */ = {
			isa = PBXGroup;
			children = (
				DB16AB1124D074FE00B33B2A /* CacheResult.swift */,
			);
			path = CacheResult;
			sourceTree = "<group>";
		};
		DB16AB1624D0750700B33B2A /* JSON */ = {
			isa = PBXGroup;
			children = (
				DB67F21E24E93EF00003C0AD /* JSON.swift */,
			);
			path = JSON;
			sourceTree = "<group>";
		};
		DB16AB1924D0751000B33B2A /* Errors */ = {
			isa = PBXGroup;
			children = (
				DB03B93F24F695D2002C4E35 /* ValidatorError */,
				DB16AB1A24D0751000B33B2A /* WebAPIFailure */,
				DB16AB2624D0751000B33B2A /* ServiceError */,
				DB16AB2924D0751000B33B2A /* CacheError */,
			);
			path = Errors;
			sourceTree = "<group>";
		};
		DB16AB1A24D0751000B33B2A /* WebAPIFailure */ = {
			isa = PBXGroup;
			children = (
				DB16AB1B24D0751000B33B2A /* WebAPIFailure */,
				DB16AB1E24D0751000B33B2A /* WebAPIRequestError */,
				DB16AB2124D0751000B33B2A /* WebAPIResponseError */,
			);
			path = WebAPIFailure;
			sourceTree = "<group>";
		};
		DB16AB1B24D0751000B33B2A /* WebAPIFailure */ = {
			isa = PBXGroup;
			children = (
				DB16AB1C24D0751000B33B2A /* WebAPIFailure.swift */,
				DB16AB1D24D0751000B33B2A /* WebAPIFailureConvertor.swift */,
			);
			path = WebAPIFailure;
			sourceTree = "<group>";
		};
		DB16AB1E24D0751000B33B2A /* WebAPIRequestError */ = {
			isa = PBXGroup;
			children = (
				DB16AB1F24D0751000B33B2A /* WebAPIRequestError.swift */,
				DB16AB2024D0751000B33B2A /* WebAPIRequestErrorFactory.swift */,
			);
			path = WebAPIRequestError;
			sourceTree = "<group>";
		};
		DB16AB2124D0751000B33B2A /* WebAPIResponseError */ = {
			isa = PBXGroup;
			children = (
				DB16AB2224D0751000B33B2A /* WebAPIResponseError.swift */,
				DB16AB2324D0751000B33B2A /* WebAPIResponseErrorFactory.swift */,
				DB16AB2424D0751000B33B2A /* WebAPIResponseErrorJSONConvertor.swift */,
				DB16AB2524D0751000B33B2A /* WebAPIResponseErrorCode.swift */,
			);
			path = WebAPIResponseError;
			sourceTree = "<group>";
		};
		DB16AB2624D0751000B33B2A /* ServiceError */ = {
			isa = PBXGroup;
			children = (
				DB16AB2724D0751000B33B2A /* ServiceError.swift */,
				DB16AB2824D0751000B33B2A /* ServiceErrorConvertor.swift */,
			);
			path = ServiceError;
			sourceTree = "<group>";
		};
		DB16AB2924D0751000B33B2A /* CacheError */ = {
			isa = PBXGroup;
			children = (
				DB16AB2A24D0751000B33B2A /* CacheError.swift */,
			);
			path = CacheError;
			sourceTree = "<group>";
		};
		DB16AB3624D0758200B33B2A /* Helpers */ = {
			isa = PBXGroup;
			children = (
				DB16AB3824D075BC00B33B2A /* URLRequestComposer.swift */,
				DB16AB3924D075BC00B33B2A /* URLSessionWebAPI.swift */,
			);
			path = Helpers;
			sourceTree = "<group>";
		};
		DB16AB3724D0758D00B33B2A /* WebAPI */ = {
			isa = PBXGroup;
			children = (
				DB16AB0524D073F300B33B2A /* GetCategoriesWebAPI.swift */,
				DB421EB324D83F8500057B55 /* GetProductsWebAPI.swift */,
				DB74CF6824F104AC00087319 /* MakePaymentWebAPI.swift */,
			);
			path = WebAPI;
			sourceTree = "<group>";
		};
		DB16AB3D24D076BD00B33B2A /* Application */ = {
			isa = PBXGroup;
			children = (
				DB421EA924D834B800057B55 /* AppDelegate.swift */,
				DB86F6D024CC021E00B0F609 /* SceneDelegate.swift */,
			);
			path = Application;
			sourceTree = "<group>";
		};
		DB421EA624D829CD00057B55 /* InfoPlist */ = {
			isa = PBXGroup;
			children = (
				DB86F6DC24CC022000B0F609 /* Info.plist */,
			);
			path = InfoPlist;
			sourceTree = "<group>";
		};
		DB421EAB24D836A100057B55 /* Services */ = {
			isa = PBXGroup;
			children = (
				DB421EAC24D836B000057B55 /* CategoriesService.swift */,
				DB421EB524D8432E00057B55 /* ProductsService.swift */,
				DB74CF7024F1061C00087319 /* MakePaymentService.swift */,
			);
			path = Services;
			sourceTree = "<group>";
		};
		DB421EAE24D83A9700057B55 /* Loaders */ = {
			isa = PBXGroup;
			children = (
				DB421EAF24D83AAB00057B55 /* ActivityIndicator.swift */,
			);
			path = Loaders;
			sourceTree = "<group>";
		};
		DB421EB724D84B3200057B55 /* ProductDetails */ = {
			isa = PBXGroup;
			children = (
				DB421EB824D84B5200057B55 /* Screen */,
			);
			path = ProductDetails;
			sourceTree = "<group>";
		};
		DB421EB824D84B5200057B55 /* Screen */ = {
			isa = PBXGroup;
			children = (
				DB421EB924D84B6100057B55 /* ProductDetailsScreen.swift */,
				DB77AC5424DE7D80005A79C0 /* ProductDetailsScreenView.swift */,
			);
			path = Screen;
			sourceTree = "<group>";
		};
		DB67F21624E8FE750003C0AD /* Buttons */ = {
			isa = PBXGroup;
			children = (
				DB67F21724E8FE8A0003C0AD /* PrimaryButtonStyle.swift */,
				DB67F21924E900F50003C0AD /* SecondaryButtonStyle.swift */,
				DB67F22024E941BB0003C0AD /* CartVolumeButton.swift */,
			);
			path = Buttons;
			sourceTree = "<group>";
		};
		DB67F21B24E909270003C0AD /* Cart */ = {
			isa = PBXGroup;
			children = (
				DB67F21C24E909320003C0AD /* Cart.swift */,
			);
			path = Cart;
			sourceTree = "<group>";
		};
		DB74CF5324EEB8CF00087319 /* Shipping */ = {
			isa = PBXGroup;
			children = (
				DB74CF5424EEB8D700087319 /* Screen */,
				DB74CF5924EEBAE600087319 /* Helpers */,
			);
			path = Shipping;
			sourceTree = "<group>";
		};
		DB74CF5424EEB8D700087319 /* Screen */ = {
			isa = PBXGroup;
			children = (
				DB74CF5524EEB8E700087319 /* ShippingScreen.swift */,
				DB74CF5724EEBACC00087319 /* ShippingScreenView.swift */,
			);
			path = Screen;
			sourceTree = "<group>";
		};
		DB74CF5924EEBAE600087319 /* Helpers */ = {
			isa = PBXGroup;
			children = (
				DB74CF5A24EEBAFB00087319 /* ShippingScreenForm.swift */,
				DB74CF7B24F10D2E00087319 /* ShippingScreenFormConvertor.swift */,
			);
			path = Helpers;
			sourceTree = "<group>";
		};
		DB74CF5E24F0EC9100087319 /* MakePayment */ = {
			isa = PBXGroup;
			children = (
				DB74CF5F24F0ECA500087319 /* Screen */,
				DB74CF6024F0ECAB00087319 /* Helpers */,
			);
			path = MakePayment;
			sourceTree = "<group>";
		};
		DB74CF5F24F0ECA500087319 /* Screen */ = {
			isa = PBXGroup;
			children = (
				DB74CF6124F0ECBD00087319 /* MakePaymentScreen.swift */,
				DB74CF6324F0ECCB00087319 /* MakePaymentScreenView.swift */,
			);
			path = Screen;
			sourceTree = "<group>";
		};
		DB74CF6024F0ECAB00087319 /* Helpers */ = {
			isa = PBXGroup;
			children = (
				DB03B93924F693F6002C4E35 /* Validators */,
				DB74CF6524F0ED0300087319 /* Form */,
			);
			path = Helpers;
			sourceTree = "<group>";
		};
		DB74CF6524F0ED0300087319 /* Form */ = {
			isa = PBXGroup;
			children = (
				DB74CF6624F0ED2D00087319 /* MakePaymentForm.swift */,
				DB74CF7224F1076900087319 /* MakePaymentFormConvertor.swift */,
				DB03B94424F697EF002C4E35 /* CardExpiredConvertor.swift */,
			);
			path = Form;
			sourceTree = "<group>";
		};
		DB74CF6A24F104FD00087319 /* Shipping */ = {
			isa = PBXGroup;
			children = (
				DB74CF6B24F1050900087319 /* ShippingInfo.swift */,
			);
			path = Shipping;
			sourceTree = "<group>";
		};
		DB74CF6D24F1053D00087319 /* Payment */ = {
			isa = PBXGroup;
			children = (
				DB74CF6E24F1054E00087319 /* PaymentInfo.swift */,
			);
			path = Payment;
			sourceTree = "<group>";
		};
		DB74CF7524F108EA00087319 /* Processing */ = {
			isa = PBXGroup;
			children = (
				DB74CF7624F1090000087319 /* String+Extension.swift */,
			);
			path = Processing;
			sourceTree = "<group>";
		};
		DB74CF7824F10C6900087319 /* PaymentSuccess */ = {
			isa = PBXGroup;
			children = (
				DB74CF7924F10C8600087319 /* PaymentSuccessScreen.swift */,
				DB74CF7D24F10DC400087319 /* PaymentSuccessScreenView.swift */,
			);
			path = PaymentSuccess;
			sourceTree = "<group>";
		};
		DB74CF7F24F16A9A00087319 /* Root */ = {
			isa = PBXGroup;
			children = (
				DB74CF8024F16ADE00087319 /* RootScreen.swift */,
			);
			path = Root;
			sourceTree = "<group>";
		};
		DB74CF8624F26F5400087319 /* TextInput */ = {
			isa = PBXGroup;
			children = (
				DB74CF8724F26F6B00087319 /* UnderlineTextInput.swift */,
			);
			path = TextInput;
			sourceTree = "<group>";
		};
		DB77AC5924DECB5A005A79C0 /* Cart */ = {
			isa = PBXGroup;
			children = (
			);
			path = Cart;
			sourceTree = "<group>";
		};
		DB77AC5B24E56055005A79C0 /* CartItemsList */ = {
			isa = PBXGroup;
			children = (
				DB77AC5C24E5605B005A79C0 /* Screen */,
				DB77AC6524E56CD5005A79C0 /* Helpers */,
			);
			path = CartItemsList;
			sourceTree = "<group>";
		};
		DB77AC5C24E5605B005A79C0 /* Screen */ = {
			isa = PBXGroup;
			children = (
				DB77AC5D24E56075005A79C0 /* CartItemsListScreen.swift */,
				DB77AC5F24E56815005A79C0 /* CartItemsListScreenView.swift */,
			);
			path = Screen;
			sourceTree = "<group>";
		};
		DB77AC6124E569B2005A79C0 /* Cart */ = {
			isa = PBXGroup;
			children = (
				DB67F21B24E909270003C0AD /* Cart */,
				DB77AC6224E569B9005A79C0 /* CartItem */,
			);
			path = Cart;
			sourceTree = "<group>";
		};
		DB77AC6224E569B9005A79C0 /* CartItem */ = {
			isa = PBXGroup;
			children = (
				DB77AC6324E569C8005A79C0 /* CartItem.swift */,
			);
			path = CartItem;
			sourceTree = "<group>";
		};
		DB77AC6524E56CD5005A79C0 /* Helpers */ = {
			isa = PBXGroup;
			children = (
				DB77AC6624E56CD9005A79C0 /* ListItem */,
			);
			path = Helpers;
			sourceTree = "<group>";
		};
		DB77AC6624E56CD9005A79C0 /* ListItem */ = {
			isa = PBXGroup;
			children = (
				DB77AC6724E56CFD005A79C0 /* CartItemsListItemView.swift */,
			);
			path = ListItem;
			sourceTree = "<group>";
		};
		DB77AC6924E56F9F005A79C0 /* Managers */ = {
			isa = PBXGroup;
			children = (
				DB77AC6A24E56FB8005A79C0 /* PriceFormatter.swift */,
			);
			path = Managers;
			sourceTree = "<group>";
		};
		DB77AC6C24E59245005A79C0 /* Stepper */ = {
			isa = PBXGroup;
			children = (
				DB77AC6D24E5925E005A79C0 /* StepperView.swift */,
			);
			path = Stepper;
			sourceTree = "<group>";
		};
		DB86F6C224CC021E00B0F609 = {
			isa = PBXGroup;
			children = (
				DB86F6CD24CC021E00B0F609 /* ShopApp */,
				DB86F6CC24CC021E00B0F609 /* Products */,
			);
			sourceTree = "<group>";
		};
		DB86F6CC24CC021E00B0F609 /* Products */ = {
			isa = PBXGroup;
			children = (
				DB86F6CB24CC021E00B0F609 /* ShopApp.app */,
			);
			name = Products;
			sourceTree = "<group>";
		};
		DB86F6CD24CC021E00B0F609 /* ShopApp */ = {
			isa = PBXGroup;
			children = (
				DB77AC5A24E3B18A005A79C0 /* ShopApp.entitlements */,
				DB86F6E224CC432E00B0F609 /* ApplicationLayer */,
				DB86F6E324CC434000B0F609 /* ModelLayer */,
				DB16AB0324D0728A00B33B2A /* DataLayer */,
				DB86F6E424CC434C00B0F609 /* PresentationLayer */,
				DB86F6D424CC022000B0F609 /* Assets.xcassets */,
				DB86F6D924CC022000B0F609 /* LaunchScreen.storyboard */,
				DB86F6D624CC022000B0F609 /* Preview Content */,
			);
			path = ShopApp;
			sourceTree = "<group>";
		};
		DB86F6D624CC022000B0F609 /* Preview Content */ = {
			isa = PBXGroup;
			children = (
				DB86F6D724CC022000B0F609 /* Preview Assets.xcassets */,
			);
			path = "Preview Content";
			sourceTree = "<group>";
		};
		DB86F6E224CC432E00B0F609 /* ApplicationLayer */ = {
			isa = PBXGroup;
			children = (
				DB16AB3D24D076BD00B33B2A /* Application */,
				DB421EA624D829CD00057B55 /* InfoPlist */,
				DB421EAB24D836A100057B55 /* Services */,
			);
			path = ApplicationLayer;
			sourceTree = "<group>";
		};
		DB86F6E324CC434000B0F609 /* ModelLayer */ = {
			isa = PBXGroup;
			children = (
				DB16AB0824D0745E00B33B2A /* Common */,
				DB16AB0724D0745500B33B2A /* Business */,
			);
			path = ModelLayer;
			sourceTree = "<group>";
		};
		DB86F6E424CC434C00B0F609 /* PresentationLayer */ = {
			isa = PBXGroup;
			children = (
				DBAE5EF624CC671400F1ADDB /* Helpers */,
				DB86F6E524CC436500B0F609 /* Screens */,
			);
			path = PresentationLayer;
			sourceTree = "<group>";
		};
		DB86F6E524CC436500B0F609 /* Screens */ = {
			isa = PBXGroup;
			children = (
				DB74CF7F24F16A9A00087319 /* Root */,
				DB0ED8EC24CDD4E7000CFE8B /* CategoriesList */,
				DB86F6E624CC437700B0F609 /* ProductList */,
				DB421EB724D84B3200057B55 /* ProductDetails */,
				DB77AC5B24E56055005A79C0 /* CartItemsList */,
				DB74CF5324EEB8CF00087319 /* Shipping */,
				DB74CF5E24F0EC9100087319 /* MakePayment */,
				DB74CF7824F10C6900087319 /* PaymentSuccess */,
			);
			path = Screens;
			sourceTree = "<group>";
		};
		DB86F6E624CC437700B0F609 /* ProductList */ = {
			isa = PBXGroup;
			children = (
				DB86F6EB24CC440400B0F609 /* Screen */,
				DB86F6EC24CC440900B0F609 /* Helpers */,
			);
			path = ProductList;
			sourceTree = "<group>";
		};
		DB86F6EB24CC440400B0F609 /* Screen */ = {
			isa = PBXGroup;
			children = (
				DB86F6E724CC43C700B0F609 /* ProductListScreen.swift */,
				DB86F6E924CC43D400B0F609 /* ProductListScreenView.swift */,
			);
			path = Screen;
			sourceTree = "<group>";
		};
		DB86F6EC24CC440900B0F609 /* Helpers */ = {
			isa = PBXGroup;
			children = (
				DBAE5F1B24CC67EC00F1ADDB /* ItemView */,
			);
			path = Helpers;
			sourceTree = "<group>";
		};
		DBAE5EF624CC671400F1ADDB /* Helpers */ = {
			isa = PBXGroup;
			children = (
				DB0ED8D624CD51D2000CFE8B /* Models */,
				DB0ED8CE24CD4FCF000CFE8B /* Extensions */,
				DBAE5EF724CC671900F1ADDB /* Components */,
				DB77AC6924E56F9F005A79C0 /* Managers */,
			);
			path = Helpers;
			sourceTree = "<group>";
		};
		DBAE5EF724CC671900F1ADDB /* Components */ = {
			isa = PBXGroup;
			children = (
				DB74CF8624F26F5400087319 /* TextInput */,
				DB67F21624E8FE750003C0AD /* Buttons */,
				DB77AC6C24E59245005A79C0 /* Stepper */,
				DB421EAE24D83A9700057B55 /* Loaders */,
				DB16AAFB24CF165300B33B2A /* ScrollSegmentedView */,
				DB0ED8ED24CDD80F000CFE8B /* PageView */,
			);
			path = Components;
			sourceTree = "<group>";
		};
		DBAE5F1B24CC67EC00F1ADDB /* ItemView */ = {
			isa = PBXGroup;
			children = (
				DBAE5F1C24CC680100F1ADDB /* ProductListItemView.swift */,
			);
			path = ItemView;
			sourceTree = "<group>";
		};
/* End PBXGroup section */

/* Begin PBXNativeTarget section */
		DB86F6CA24CC021E00B0F609 /* ShopApp */ = {
			isa = PBXNativeTarget;
			buildConfigurationList = DB86F6DF24CC022000B0F609 /* Build configuration list for PBXNativeTarget "ShopApp" */;
			buildPhases = (
				DB86F6C724CC021E00B0F609 /* Sources */,
				DB86F6C824CC021E00B0F609 /* Frameworks */,
				DB86F6C924CC021E00B0F609 /* Resources */,
			);
			buildRules = (
			);
			dependencies = (
			);
			name = ShopApp;
			packageProductDependencies = (
				DBAE5F1F24CC69C000F1ADDB /* SDWebImageSwiftUI */,
			);
			productName = ShopApp;
			productReference = DB86F6CB24CC021E00B0F609 /* ShopApp.app */;
			productType = "com.apple.product-type.application";
		};
/* End PBXNativeTarget section */

/* Begin PBXProject section */
		DB86F6C324CC021E00B0F609 /* Project object */ = {
			isa = PBXProject;
			attributes = {
				LastSwiftUpdateCheck = 1160;
				LastUpgradeCheck = 1160;
				ORGANIZATIONNAME = Deskera;
				TargetAttributes = {
					DB86F6CA24CC021E00B0F609 = {
						CreatedOnToolsVersion = 11.6;
					};
				};
			};
			buildConfigurationList = DB86F6C624CC021E00B0F609 /* Build configuration list for PBXProject "ShopApp" */;
			compatibilityVersion = "Xcode 9.3";
			developmentRegion = en;
			hasScannedForEncodings = 0;
			knownRegions = (
				en,
				Base,
			);
			mainGroup = DB86F6C224CC021E00B0F609;
			packageReferences = (
				DBAE5F1E24CC69C000F1ADDB /* XCRemoteSwiftPackageReference "SDWebImageSwiftUI" */,
			);
			productRefGroup = DB86F6CC24CC021E00B0F609 /* Products */;
			projectDirPath = "";
			projectRoot = "";
			targets = (
				DB86F6CA24CC021E00B0F609 /* ShopApp */,
			);
		};
/* End PBXProject section */

/* Begin PBXResourcesBuildPhase section */
		DB86F6C924CC021E00B0F609 /* Resources */ = {
			isa = PBXResourcesBuildPhase;
			buildActionMask = 2147483647;
			files = (
				DB86F6DB24CC022000B0F609 /* LaunchScreen.storyboard in Resources */,
				DB86F6D824CC022000B0F609 /* Preview Assets.xcassets in Resources */,
				DB86F6D524CC022000B0F609 /* Assets.xcassets in Resources */,
			);
			runOnlyForDeploymentPostprocessing = 0;
		};
/* End PBXResourcesBuildPhase section */

/* Begin PBXSourcesBuildPhase section */
		DB86F6C724CC021E00B0F609 /* Sources */ = {
			isa = PBXSourcesBuildPhase;
			buildActionMask = 2147483647;
			files = (
				DB0ED8DB24CD51F4000CFE8B /* FontWeight.swift in Sources */,
				DB74CF5624EEB8E700087319 /* ShippingScreen.swift in Sources */,
				DB0ED8F124CDD81B000CFE8B /* PageView.swift in Sources */,
				DB77AC6024E56815005A79C0 /* CartItemsListScreenView.swift in Sources */,
				DB0ED8E824CD5B92000CFE8B /* Color+Extension.swift in Sources */,
				DB421EAA24D834B800057B55 /* AppDelegate.swift in Sources */,
				DB16AAFF24CF182200B33B2A /* ScrollTextSegmentedView.swift in Sources */,
				DB03B94124F695E7002C4E35 /* ValidatorError.swift in Sources */,
				DB16AB3A24D075BC00B33B2A /* URLRequestComposer.swift in Sources */,
				DB03B94324F69672002C4E35 /* CardExpiredValidator.swift in Sources */,
				DB74CF7724F1090000087319 /* String+Extension.swift in Sources */,
				DB16AB3324D0751000B33B2A /* ServiceError.swift in Sources */,
				0270032A25D6D22900112A72 /* CategoryJSONConvertor.swift in Sources */,
				DB77AC5E24E56075005A79C0 /* CartItemsListScreen.swift in Sources */,
				DB77AC6E24E5925E005A79C0 /* StepperView.swift in Sources */,
				DB03B94524F697EF002C4E35 /* CardExpiredConvertor.swift in Sources */,
				DB0ED8F624CDDA2C000CFE8B /* CategoriesListScreen.swift in Sources */,
				DB16AB1524D074FE00B33B2A /* CacheResult.swift in Sources */,
				DB74CF8824F26F6B00087319 /* UnderlineTextInput.swift in Sources */,
				DB0ED8EB24CDC80C000CFE8B /* Product.swift in Sources */,
				DB421EB624D8432E00057B55 /* ProductsService.swift in Sources */,
				DB03B93E24F695AA002C4E35 /* ValidatorResult.swift in Sources */,
				DB16AB3024D0751000B33B2A /* WebAPIResponseErrorFactory.swift in Sources */,
				DB0ED8D924CD51E5000CFE8B /* FontFamilly.swift in Sources */,
				DB74CF7C24F10D2E00087319 /* ShippingScreenFormConvertor.swift in Sources */,
				DB16AB2D24D0751000B33B2A /* WebAPIRequestError.swift in Sources */,
				DB16AB2C24D0751000B33B2A /* WebAPIFailureConvertor.swift in Sources */,
				DB86F6EA24CC43D400B0F609 /* ProductListScreenView.swift in Sources */,
				DB67F21824E8FE8A0003C0AD /* PrimaryButtonStyle.swift in Sources */,
				DB16AB3524D0751000B33B2A /* CacheError.swift in Sources */,
				DB67F21F24E93EF00003C0AD /* JSON.swift in Sources */,
				DB16AB1324D074FE00B33B2A /* ServiceResult.swift in Sources */,
				DB16AB3424D0751000B33B2A /* ServiceErrorConvertor.swift in Sources */,
				DB77AC6B24E56FB8005A79C0 /* PriceFormatter.swift in Sources */,
				DB421EBA24D84B6100057B55 /* ProductDetailsScreen.swift in Sources */,
				DB74CF6424F0ECCB00087319 /* MakePaymentScreenView.swift in Sources */,
				DB16AB1224D074FE00B33B2A /* ServiceResultConvertor.swift in Sources */,
				DB16AB2B24D0751000B33B2A /* WebAPIFailure.swift in Sources */,
				DB86F6D124CC021E00B0F609 /* SceneDelegate.swift in Sources */,
				DB67F21A24E900F50003C0AD /* SecondaryButtonStyle.swift in Sources */,
				DB16AB2F24D0751000B33B2A /* WebAPIResponseError.swift in Sources */,
				DB421EB224D83BD100057B55 /* CategoriesListScreenView.swift in Sources */,
				DB03B94924F69AEB002C4E35 /* CardCVVValidator.swift in Sources */,
				DB421EAD24D836B000057B55 /* CategoriesService.swift in Sources */,
				0270032D25D6D44400112A72 /* ProductJSONConvertor.swift in Sources */,
				DB16AB0224CFC28E00B33B2A /* Category.swift in Sources */,
				DB74CF6F24F1054E00087319 /* PaymentInfo.swift in Sources */,
				DB0ED8E324CD5AEF000CFE8B /* AppearancesFactory.swift in Sources */,
				DB0ED8E624CD5B40000CFE8B /* AppearanceType.swift in Sources */,
				DB0ED8DE24CD5807000CFE8B /* Appearance.swift in Sources */,
				DB03B93B24F6940C002C4E35 /* CardNumberValidator.swift in Sources */,
				DB74CF7324F1076900087319 /* MakePaymentFormConvertor.swift in Sources */,
				DB67F21D24E909320003C0AD /* Cart.swift in Sources */,
				DB03B94D24F6B749002C4E35 /* CategoriesListItemView.swift in Sources */,
				DB86F6E824CC43C700B0F609 /* ProductListScreen.swift in Sources */,
				DB77AC6424E569C8005A79C0 /* CartItem.swift in Sources */,
				DB0ED8E124CD5837000CFE8B /* StatusBarStyle.swift in Sources */,
				DB74CF8124F16ADE00087319 /* RootScreen.swift in Sources */,
				DB74CF5824EEBACC00087319 /* ShippingScreenView.swift in Sources */,
				DB16AB3224D0751000B33B2A /* WebAPIResponseErrorCode.swift in Sources */,
				DB0ED8D324CD51B6000CFE8B /* Font+Extension.swift in Sources */,
				DB16AB1424D074FE00B33B2A /* WebAPIResult.swift in Sources */,
				DB74CF7124F1061C00087319 /* MakePaymentService.swift in Sources */,
				DB16AB3B24D075BC00B33B2A /* URLSessionWebAPI.swift in Sources */,
				DB74CF5B24EEBAFB00087319 /* ShippingScreenForm.swift in Sources */,
				DB0ED8F324CDD81B000CFE8B /* PageViewController.swift in Sources */,
				DB421EB424D83F8500057B55 /* GetProductsWebAPI.swift in Sources */,
				DB77AC5524DE7D81005A79C0 /* ProductDetailsScreenView.swift in Sources */,
				DB74CF6724F0ED2D00087319 /* MakePaymentForm.swift in Sources */,
				DB74CF7E24F10DC400087319 /* PaymentSuccessScreenView.swift in Sources */,
				DB74CF5D24EECDE500087319 /* View+Extension.swift in Sources */,
				DB74CF7A24F10C8600087319 /* PaymentSuccessScreen.swift in Sources */,
				DB16AB2E24D0751000B33B2A /* WebAPIRequestErrorFactory.swift in Sources */,
				DB74CF6924F104AC00087319 /* MakePaymentWebAPI.swift in Sources */,
				DB421EB024D83AAB00057B55 /* ActivityIndicator.swift in Sources */,
				DB74CF6224F0ECBD00087319 /* MakePaymentScreen.swift in Sources */,
				DB67F22124E941BB0003C0AD /* CartVolumeButton.swift in Sources */,
				DB74CF6C24F1050900087319 /* ShippingInfo.swift in Sources */,
				DB16AB3124D0751000B33B2A /* WebAPIResponseErrorJSONConvertor.swift in Sources */,
				DB77AC6824E56CFD005A79C0 /* CartItemsListItemView.swift in Sources */,
				DB16AB0624D073F300B33B2A /* GetCategoriesWebAPI.swift in Sources */,
				DBAE5F1D24CC680100F1ADDB /* ProductListItemView.swift in Sources */,
			);
			runOnlyForDeploymentPostprocessing = 0;
		};
/* End PBXSourcesBuildPhase section */

/* Begin PBXVariantGroup section */
		DB86F6D924CC022000B0F609 /* LaunchScreen.storyboard */ = {
			isa = PBXVariantGroup;
			children = (
				DB86F6DA24CC022000B0F609 /* Base */,
			);
			name = LaunchScreen.storyboard;
			sourceTree = "<group>";
		};
/* End PBXVariantGroup section */

/* Begin XCBuildConfiguration section */
		DB86F6DD24CC022000B0F609 /* Debug */ = {
			isa = XCBuildConfiguration;
			buildSettings = {
				ALWAYS_SEARCH_USER_PATHS = NO;
				CLANG_ANALYZER_NONNULL = YES;
				CLANG_ANALYZER_NUMBER_OBJECT_CONVERSION = YES_AGGRESSIVE;
				CLANG_CXX_LANGUAGE_STANDARD = "gnu++14";
				CLANG_CXX_LIBRARY = "libc++";
				CLANG_ENABLE_MODULES = YES;
				CLANG_ENABLE_OBJC_ARC = YES;
				CLANG_ENABLE_OBJC_WEAK = YES;
				CLANG_WARN_BLOCK_CAPTURE_AUTORELEASING = YES;
				CLANG_WARN_BOOL_CONVERSION = YES;
				CLANG_WARN_COMMA = YES;
				CLANG_WARN_CONSTANT_CONVERSION = YES;
				CLANG_WARN_DEPRECATED_OBJC_IMPLEMENTATIONS = YES;
				CLANG_WARN_DIRECT_OBJC_ISA_USAGE = YES_ERROR;
				CLANG_WARN_DOCUMENTATION_COMMENTS = YES;
				CLANG_WARN_EMPTY_BODY = YES;
				CLANG_WARN_ENUM_CONVERSION = YES;
				CLANG_WARN_INFINITE_RECURSION = YES;
				CLANG_WARN_INT_CONVERSION = YES;
				CLANG_WARN_NON_LITERAL_NULL_CONVERSION = YES;
				CLANG_WARN_OBJC_IMPLICIT_RETAIN_SELF = YES;
				CLANG_WARN_OBJC_LITERAL_CONVERSION = YES;
				CLANG_WARN_OBJC_ROOT_CLASS = YES_ERROR;
				CLANG_WARN_RANGE_LOOP_ANALYSIS = YES;
				CLANG_WARN_STRICT_PROTOTYPES = YES;
				CLANG_WARN_SUSPICIOUS_MOVE = YES;
				CLANG_WARN_UNGUARDED_AVAILABILITY = YES_AGGRESSIVE;
				CLANG_WARN_UNREACHABLE_CODE = YES;
				CLANG_WARN__DUPLICATE_METHOD_MATCH = YES;
				COPY_PHASE_STRIP = NO;
				DEBUG_INFORMATION_FORMAT = dwarf;
				ENABLE_STRICT_OBJC_MSGSEND = YES;
				ENABLE_TESTABILITY = YES;
				GCC_C_LANGUAGE_STANDARD = gnu11;
				GCC_DYNAMIC_NO_PIC = NO;
				GCC_NO_COMMON_BLOCKS = YES;
				GCC_OPTIMIZATION_LEVEL = 0;
				GCC_PREPROCESSOR_DEFINITIONS = (
					"DEBUG=1",
					"$(inherited)",
				);
				GCC_WARN_64_TO_32_BIT_CONVERSION = YES;
				GCC_WARN_ABOUT_RETURN_TYPE = YES_ERROR;
				GCC_WARN_UNDECLARED_SELECTOR = YES;
				GCC_WARN_UNINITIALIZED_AUTOS = YES_AGGRESSIVE;
				GCC_WARN_UNUSED_FUNCTION = YES;
				GCC_WARN_UNUSED_VARIABLE = YES;
				IPHONEOS_DEPLOYMENT_TARGET = 13.6;
				MTL_ENABLE_DEBUG_INFO = INCLUDE_SOURCE;
				MTL_FAST_MATH = YES;
				ONLY_ACTIVE_ARCH = YES;
				SDKROOT = iphoneos;
				SWIFT_ACTIVE_COMPILATION_CONDITIONS = DEBUG;
				SWIFT_OPTIMIZATION_LEVEL = "-Onone";
			};
			name = Debug;
		};
		DB86F6DE24CC022000B0F609 /* Release */ = {
			isa = XCBuildConfiguration;
			buildSettings = {
				ALWAYS_SEARCH_USER_PATHS = NO;
				CLANG_ANALYZER_NONNULL = YES;
				CLANG_ANALYZER_NUMBER_OBJECT_CONVERSION = YES_AGGRESSIVE;
				CLANG_CXX_LANGUAGE_STANDARD = "gnu++14";
				CLANG_CXX_LIBRARY = "libc++";
				CLANG_ENABLE_MODULES = YES;
				CLANG_ENABLE_OBJC_ARC = YES;
				CLANG_ENABLE_OBJC_WEAK = YES;
				CLANG_WARN_BLOCK_CAPTURE_AUTORELEASING = YES;
				CLANG_WARN_BOOL_CONVERSION = YES;
				CLANG_WARN_COMMA = YES;
				CLANG_WARN_CONSTANT_CONVERSION = YES;
				CLANG_WARN_DEPRECATED_OBJC_IMPLEMENTATIONS = YES;
				CLANG_WARN_DIRECT_OBJC_ISA_USAGE = YES_ERROR;
				CLANG_WARN_DOCUMENTATION_COMMENTS = YES;
				CLANG_WARN_EMPTY_BODY = YES;
				CLANG_WARN_ENUM_CONVERSION = YES;
				CLANG_WARN_INFINITE_RECURSION = YES;
				CLANG_WARN_INT_CONVERSION = YES;
				CLANG_WARN_NON_LITERAL_NULL_CONVERSION = YES;
				CLANG_WARN_OBJC_IMPLICIT_RETAIN_SELF = YES;
				CLANG_WARN_OBJC_LITERAL_CONVERSION = YES;
				CLANG_WARN_OBJC_ROOT_CLASS = YES_ERROR;
				CLANG_WARN_RANGE_LOOP_ANALYSIS = YES;
				CLANG_WARN_STRICT_PROTOTYPES = YES;
				CLANG_WARN_SUSPICIOUS_MOVE = YES;
				CLANG_WARN_UNGUARDED_AVAILABILITY = YES_AGGRESSIVE;
				CLANG_WARN_UNREACHABLE_CODE = YES;
				CLANG_WARN__DUPLICATE_METHOD_MATCH = YES;
				COPY_PHASE_STRIP = NO;
				DEBUG_INFORMATION_FORMAT = "dwarf-with-dsym";
				ENABLE_NS_ASSERTIONS = NO;
				ENABLE_STRICT_OBJC_MSGSEND = YES;
				GCC_C_LANGUAGE_STANDARD = gnu11;
				GCC_NO_COMMON_BLOCKS = YES;
				GCC_WARN_64_TO_32_BIT_CONVERSION = YES;
				GCC_WARN_ABOUT_RETURN_TYPE = YES_ERROR;
				GCC_WARN_UNDECLARED_SELECTOR = YES;
				GCC_WARN_UNINITIALIZED_AUTOS = YES_AGGRESSIVE;
				GCC_WARN_UNUSED_FUNCTION = YES;
				GCC_WARN_UNUSED_VARIABLE = YES;
				IPHONEOS_DEPLOYMENT_TARGET = 13.6;
				MTL_ENABLE_DEBUG_INFO = NO;
				MTL_FAST_MATH = YES;
				SDKROOT = iphoneos;
				SWIFT_COMPILATION_MODE = wholemodule;
				SWIFT_OPTIMIZATION_LEVEL = "-O";
				VALIDATE_PRODUCT = YES;
			};
			name = Release;
		};
		DB86F6E024CC022000B0F609 /* Debug */ = {
			isa = XCBuildConfiguration;
			buildSettings = {
				ASSETCATALOG_COMPILER_APPICON_NAME = AppIcon;
				CODE_SIGN_ENTITLEMENTS = ShopApp/ShopApp.entitlements;
				CODE_SIGN_IDENTITY = "iPhone Developer";
				CODE_SIGN_STYLE = Manual;
				DEVELOPMENT_ASSET_PATHS = "\"ShopApp/Preview Content\"";
				DEVELOPMENT_TEAM = 9HC298K985;
				ENABLE_PREVIEWS = YES;
				INFOPLIST_FILE = ShopApp/ApplicationLayer/InfoPlist/Info.plist;
				LD_RUNPATH_SEARCH_PATHS = (
					"$(inherited)",
					"@executable_path/Frameworks",
				);
				PRODUCT_BUNDLE_IDENTIFIER = com.orlov.shopapp;
				PRODUCT_NAME = "$(TARGET_NAME)";
				PROVISIONING_PROFILE_SPECIFIER = shopapp_dev_profile;
				SWIFT_VERSION = 5.0;
				TARGETED_DEVICE_FAMILY = "1,2";
			};
			name = Debug;
		};
		DB86F6E124CC022000B0F609 /* Release */ = {
			isa = XCBuildConfiguration;
			buildSettings = {
				ASSETCATALOG_COMPILER_APPICON_NAME = AppIcon;
				CODE_SIGN_ENTITLEMENTS = ShopApp/ShopApp.entitlements;
				CODE_SIGN_IDENTITY = "iPhone Distribution";
				CODE_SIGN_STYLE = Manual;
				DEVELOPMENT_ASSET_PATHS = "\"ShopApp/Preview Content\"";
				DEVELOPMENT_TEAM = 9HC298K985;
				ENABLE_PREVIEWS = YES;
				INFOPLIST_FILE = ShopApp/ApplicationLayer/InfoPlist/Info.plist;
				LD_RUNPATH_SEARCH_PATHS = (
					"$(inherited)",
					"@executable_path/Frameworks",
				);
				PRODUCT_BUNDLE_IDENTIFIER = com.orlov.shopapp;
				PRODUCT_NAME = "$(TARGET_NAME)";
				PROVISIONING_PROFILE_SPECIFIER = shopapp_appstore_profile;
				SWIFT_VERSION = 5.0;
				TARGETED_DEVICE_FAMILY = "1,2";
			};
			name = Release;
		};
/* End XCBuildConfiguration section */

/* Begin XCConfigurationList section */
		DB86F6C624CC021E00B0F609 /* Build configuration list for PBXProject "ShopApp" */ = {
			isa = XCConfigurationList;
			buildConfigurations = (
				DB86F6DD24CC022000B0F609 /* Debug */,
				DB86F6DE24CC022000B0F609 /* Release */,
			);
			defaultConfigurationIsVisible = 0;
			defaultConfigurationName = Release;
		};
		DB86F6DF24CC022000B0F609 /* Build configuration list for PBXNativeTarget "ShopApp" */ = {
			isa = XCConfigurationList;
			buildConfigurations = (
				DB86F6E024CC022000B0F609 /* Debug */,
				DB86F6E124CC022000B0F609 /* Release */,
			);
			defaultConfigurationIsVisible = 0;
			defaultConfigurationName = Release;
		};
/* End XCConfigurationList section */

/* Begin XCRemoteSwiftPackageReference section */
		DBAE5F1E24CC69C000F1ADDB /* XCRemoteSwiftPackageReference "SDWebImageSwiftUI" */ = {
			isa = XCRemoteSwiftPackageReference;
			repositoryURL = "https://github.com/SDWebImage/SDWebImageSwiftUI.git";
			requirement = {
				kind = upToNextMajorVersion;
				minimumVersion = 1.0.0;
			};
		};
/* End XCRemoteSwiftPackageReference section */

/* Begin XCSwiftPackageProductDependency section */
		DBAE5F1F24CC69C000F1ADDB /* SDWebImageSwiftUI */ = {
			isa = XCSwiftPackageProductDependency;
			package = DBAE5F1E24CC69C000F1ADDB /* XCRemoteSwiftPackageReference "SDWebImageSwiftUI" */;
			productName = SDWebImageSwiftUI;
		};
/* End XCSwiftPackageProductDependency section */
	};
	rootObject = DB86F6C324CC021E00B0F609 /* Project object */;
}
